{
  "name": "unblock-zh-status-web",
  "version": "1.0.0",
  "lockfileVersion": 3,
  "requires": true,
  "packages": {
    "": {
      "name": "unblock-zh-status-web",
      "version": "1.0.0",
      "devDependencies": {
        "mediawiki-gadget-i18n-helper": "github:xiplus-mediawiki-programs/mediawiki-gadget-i18n-helper"
      }
    },
    "node_modules/mediawiki-gadget-i18n-helper": {
      "version": "1.0.1",
      "resolved": "git+ssh://git@github.com/xiplus-mediawiki-programs/mediawiki-gadget-i18n-helper.git#2fbea50d9fb8f7d93c52482224facb9a6b043126",
      "dev": true
    }
  }
}
